
Microsoft Visual Studio Solution File, Format Version 12.00
# Visual Studio Version 17
VisualStudioVersion = 17.4.33205.214
MinimumVisualStudioVersion = 10.0.40219.1
Project("{FAE04EC0-301F-11D3-BF4B-00C04F79EFBC}") = "24.09.2023 Введение в WPF", "24.09.2023 Введение в WPF.csproj", "{93222C15-5684-459B-A4EA-122D549CA2D2}"
EndProject
Global
	GlobalSection(SolutionConfigurationPlatforms) = preSolution
		Debug|Any CPU = Debug|Any CPU
		Release|Any CPU = Release|Any CPU
	EndGlobalSection
	GlobalSection(ProjectConfigurationPlatforms) = postSolution
		{93222C15-5684-459B-A4EA-122D549CA2D2}.Debug|Any CPU.ActiveCfg = Debug|Any CPU
		{93222C15-5684-459B-A4EA-122D549CA2D2}.Debug|Any CPU.Build.0 = Debug|Any CPU
		{93222C15-5684-459B-A4EA-122D549CA2D2}.Release|Any CPU.ActiveCfg = Release|Any CPU
		{93222C15-5684-459B-A4EA-122D549CA2D2}.Release|Any CPU.Build.0 = Release|Any CPU
	EndGlobalSection
	GlobalSection(SolutionProperties) = preSolution
		HideSolutionNode = FALSE
	EndGlobalSection
	GlobalSection(ExtensibilityGlobals) = postSolution
		SolutionGuid = {497B2C10-5C53-4CC4-9BF0-926D82D9537B}
	EndGlobalSection
EndGlobal
